
Microsoft Visual Studio Solution File, Format Version 12.00
# Visual Studio 15
VisualStudioVersion = 15.0.26730.12
MinimumVisualStudioVersion = 10.0.40219.1
Project("{FAE04EC0-301F-11D3-BF4B-00C04F79EFBC}") = "LinkedList", "LinkedList\LinkedList.csproj", "{E66D2CE2-294D-4C73-A4ED-D3493451FE65}"
EndProject
Global
	GlobalSection(SolutionConfigurationPlatforms) = preSolution
		Debug|Any CPU = Debug|Any CPU
		Release|Any CPU = Release|Any CPU
	EndGlobalSection
	GlobalSection(ProjectConfigurationPlatforms) = postSolution
		{E66D2CE2-294D-4C73-A4ED-D3493451FE65}.Debug|Any CPU.ActiveCfg = Debug|Any CPU
		{E66D2CE2-294D-4C73-A4ED-D3493451FE65}.Debug|Any CPU.Build.0 = Debug|Any CPU
		{E66D2CE2-294D-4C73-A4ED-D3493451FE65}.Release|Any CPU.ActiveCfg = Release|Any CPU
		{E66D2CE2-294D-4C73-A4ED-D3493451FE65}.Release|Any CPU.Build.0 = Release|Any CPU
		{E5AAB995-0D56-4D54-94F5-9E4FC9A78B24}.Debug|Any CPU.ActiveCfg = Debug|Any CPU
		{E5AAB995-0D56-4D54-94F5-9E4FC9A78B24}.Debug|Any CPU.Build.0 = Debug|Any CPU
		{E5AAB995-0D56-4D54-94F5-9E4FC9A78B24}.Release|Any CPU.ActiveCfg = Release|Any CPU
		{E5AAB995-0D56-4D54-94F5-9E4FC9A78B24}.Release|Any CPU.Build.0 = Release|Any CPU
		{D0AB053F-64EC-4456-AA4B-497BD5E2B6EE}.Debug|Any CPU.ActiveCfg = Debug|Any CPU
		{D0AB053F-64EC-4456-AA4B-497BD5E2B6EE}.Debug|Any CPU.Build.0 = Debug|Any CPU
		{D0AB053F-64EC-4456-AA4B-497BD5E2B6EE}.Release|Any CPU.ActiveCfg = Release|Any CPU
		{D0AB053F-64EC-4456-AA4B-497BD5E2B6EE}.Release|Any CPU.Build.0 = Release|Any CPU
	EndGlobalSection
	GlobalSection(SolutionProperties) = preSolution
		HideSolutionNode = FALSE
	EndGlobalSection
	GlobalSection(ExtensibilityGlobals) = postSolution
		SolutionGuid = {5EDE82B3-1F1D-413C-B0A3-8D081F5CD3B1}
	EndGlobalSection
EndGlobal
